// !$*UTF8*$!
{
	archiveVersion = 1;
	classes = {
	};
	objectVersion = 50;
	objects = {

/* Begin PBXBuildFile section */
		3A3901FC246BFF3000AAFEB1 /* AppDelegate.swift in Sources */ = {isa = PBXBuildFile; fileRef = 3A3901FB246BFF3000AAFEB1 /* AppDelegate.swift */; };
		3A3901FE246BFF3000AAFEB1 /* SceneDelegate.swift in Sources */ = {isa = PBXBuildFile; fileRef = 3A3901FD246BFF3000AAFEB1 /* SceneDelegate.swift */; };
		3A390200246BFF3000AAFEB1 /* ContentView.swift in Sources */ = {isa = PBXBuildFile; fileRef = 3A3901FF246BFF3000AAFEB1 /* ContentView.swift */; };
		3A390202246BFF3600AAFEB1 /* Assets.xcassets in Resources */ = {isa = PBXBuildFile; fileRef = 3A390201246BFF3600AAFEB1 /* Assets.xcassets */; };
		3A390205246BFF3600AAFEB1 /* Preview Assets.xcassets in Resources */ = {isa = PBXBuildFile; fileRef = 3A390204246BFF3600AAFEB1 /* Preview Assets.xcassets */; };
		3A390208246BFF3600AAFEB1 /* LaunchScreen.storyboard in Resources */ = {isa = PBXBuildFile; fileRef = 3A390206246BFF3600AAFEB1 /* LaunchScreen.storyboard */; };
		3A390211246C023F00AAFEB1 /* FuturisticTimer.swift in Sources */ = {isa = PBXBuildFile; fileRef = 3A390210246C023F00AAFEB1 /* FuturisticTimer.swift */; };
		3A390217246C833E00AAFEB1 /* TicksView.swift in Sources */ = {isa = PBXBuildFile; fileRef = 3A390216246C833E00AAFEB1 /* TicksView.swift */; };
		3A39021D246C8D2F00AAFEB1 /* AnyTransitionExtensions.swift in Sources */ = {isa = PBXBuildFile; fileRef = 3A39021C246C8D2F00AAFEB1 /* AnyTransitionExtensions.swift */; };
/* End PBXBuildFile section */

/* Begin PBXFileReference section */
		3A3901F8246BFF3000AAFEB1 /* FuturisticTimer.app */ = {isa = PBXFileReference; explicitFileType = wrapper.application; includeInIndex = 0; path = FuturisticTimer.app; sourceTree = BUILT_PRODUCTS_DIR; };
		3A3901FB246BFF3000AAFEB1 /* AppDelegate.swift */ = {isa = PBXFileReference; lastKnownFileType = sourcecode.swift; path = AppDelegate.swift; sourceTree = "<group>"; };
		3A3901FD246BFF3000AAFEB1 /* SceneDelegate.swift */ = {isa = PBXFileReference; lastKnownFileType = sourcecode.swift; path = SceneDelegate.swift; sourceTree = "<group>"; };
		3A3901FF246BFF3000AAFEB1 /* ContentView.swift */ = {isa = PBXFileReference; lastKnownFileType = sourcecode.swift; path = ContentView.swift; sourceTree = "<group>"; };
		3A390201246BFF3600AAFEB1 /* Assets.xcassets */ = {isa = PBXFileReference; lastKnownFileType = folder.assetcatalog; path = Assets.xcassets; sourceTree = "<group>"; };
		3A390204246BFF3600AAFEB1 /* Preview Assets.xcassets */ = {isa = PBXFileReference; lastKnownFileType = folder.assetcatalog; path = "Preview Assets.xcassets"; sourceTree = "<group>"; };
		3A390207246BFF3600AAFEB1 /* Base */ = {isa = PBXFileReference; lastKnownFileType = file.storyboard; name = Base; path = Base.lproj/LaunchScreen.storyboard; sourceTree = "<group>"; };
		3A390209246BFF3600AAFEB1 /* Info.plist */ = {isa = PBXFileReference; lastKnownFileType = text.plist.xml; path = Info.plist; sourceTree = "<group>"; };
		3A390210246C023F00AAFEB1 /* FuturisticTimer.swift */ = {isa = PBXFileReference; lastKnownFileType = sourcecode.swift; path = FuturisticTimer.swift; sourceTree = "<group>"; };
		3A390216246C833E00AAFEB1 /* TicksView.swift */ = {isa = PBXFileReference; lastKnownFileType = sourcecode.swift; path = TicksView.swift; sourceTree = "<group>"; };
		3A39021C246C8D2F00AAFEB1 /* AnyTransitionExtensions.swift */ = {isa = PBXFileReference; lastKnownFileType = sourcecode.swift; path = AnyTransitionExtensions.swift; sourceTree = "<group>"; };
/* End PBXFileReference section */

/* Begin PBXFrameworksBuildPhase section */
		3A3901F5246BFF3000AAFEB1 /* Frameworks */ = {
			isa = PBXFrameworksBuildPhase;
			buildActionMask = 2147483647;
			files = (
			);
			runOnlyForDeploymentPostprocessing = 0;
		};
/* End PBXFrameworksBuildPhase section */

/* Begin PBXGroup section */
		3A3901EF246BFF3000AAFEB1 = {
			isa = PBXGroup;
			children = (
				3A3901FA246BFF3000AAFEB1 /* FuturisticTimer */,
				3A3901F9246BFF3000AAFEB1 /* Products */,
			);
			sourceTree = "<group>";
		};
		3A3901F9246BFF3000AAFEB1 /* Products */ = {
			isa = PBXGroup;
			children = (
				3A3901F8246BFF3000AAFEB1 /* FuturisticTimer.app */,
			);
			name = Products;
			sourceTree = "<group>";
		};
		3A3901FA246BFF3000AAFEB1 /* FuturisticTimer */ = {
			isa = PBXGroup;
			children = (
				3A39020F246C023300AAFEB1 /* Views */,
				3A3901FB246BFF3000AAFEB1 /* AppDelegate.swift */,
				3A3901FD246BFF3000AAFEB1 /* SceneDelegate.swift */,
				3A3901FF246BFF3000AAFEB1 /* ContentView.swift */,
				3A390201246BFF3600AAFEB1 /* Assets.xcassets */,
				3A390206246BFF3600AAFEB1 /* LaunchScreen.storyboard */,
				3A390209246BFF3600AAFEB1 /* Info.plist */,
				3A390203246BFF3600AAFEB1 /* Preview Content */,
			);
			path = FuturisticTimer;
			sourceTree = "<group>";
		};
		3A390203246BFF3600AAFEB1 /* Preview Content */ = {
			isa = PBXGroup;
			children = (
				3A390204246BFF3600AAFEB1 /* Preview Assets.xcassets */,
			);
			path = "Preview Content";
			sourceTree = "<group>";
		};
		3A39020F246C023300AAFEB1 /* Views */ = {
			isa = PBXGroup;
			children = (
				3A39021B246C8D1E00AAFEB1 /* Extensions */,
				3A390215246C832A00AAFEB1 /* AssistingViews */,
				3A390210246C023F00AAFEB1 /* FuturisticTimer.swift */,
			);
			path = Views;
			sourceTree = "<group>";
		};
		3A390215246C832A00AAFEB1 /* AssistingViews */ = {
			isa = PBXGroup;
			children = (
				3A390216246C833E00AAFEB1 /* TicksView.swift */,
			);
			path = AssistingViews;
			sourceTree = "<group>";
		};
		3A39021B246C8D1E00AAFEB1 /* Extensions */ = {
			isa = PBXGroup;
			children = (
				3A39021C246C8D2F00AAFEB1 /* AnyTransitionExtensions.swift */,
			);
			path = Extensions;
			sourceTree = "<group>";
		};
/* End PBXGroup section */

/* Begin PBXNativeTarget section */
		3A3901F7246BFF3000AAFEB1 /* FuturisticTimer */ = {
			isa = PBXNativeTarget;
			buildConfigurationList = 3A39020C246BFF3600AAFEB1 /* Build configuration list for PBXNativeTarget "FuturisticTimer" */;
			buildPhases = (
				3A3901F4246BFF3000AAFEB1 /* Sources */,
				3A3901F5246BFF3000AAFEB1 /* Frameworks */,
				3A3901F6246BFF3000AAFEB1 /* Resources */,
			);
			buildRules = (
			);
			dependencies = (
			);
			name = FuturisticTimer;
			productName = FuturisticTimer;
			productReference = 3A3901F8246BFF3000AAFEB1 /* FuturisticTimer.app */;
			productType = "com.apple.product-type.application";
		};
/* End PBXNativeTarget section */

/* Begin PBXProject section */
		3A3901F0246BFF3000AAFEB1 /* Project object */ = {
			isa = PBXProject;
			attributes = {
				LastSwiftUpdateCheck = 1140;
				LastUpgradeCheck = 1140;
				ORGANIZATIONNAME = "Martin Bjeld";
				TargetAttributes = {
					3A3901F7246BFF3000AAFEB1 = {
						CreatedOnToolsVersion = 11.4.1;
					};
				};
			};
			buildConfigurationList = 3A3901F3246BFF3000AAFEB1 /* Build configuration list for PBXProject "FuturisticTimer" */;
			compatibilityVersion = "Xcode 9.3";
			developmentRegion = en;
			hasScannedForEncodings = 0;
			knownRegions = (
				en,
				Base,
			);
			mainGroup = 3A3901EF246BFF3000AAFEB1;
			productRefGroup = 3A3901F9246BFF3000AAFEB1 /* Products */;
			projectDirPath = "";
			projectRoot = "";
			targets = (
				3A3901F7246BFF3000AAFEB1 /* FuturisticTimer */,
			);
		};
/* End PBXProject section */

/* Begin PBXResourcesBuildPhase section */
		3A3901F6246BFF3000AAFEB1 /* Resources */ = {
			isa = PBXResourcesBuildPhase;
			buildActionMask = 2147483647;
			files = (
				3A390208246BFF3600AAFEB1 /* LaunchScreen.storyboard in Resources */,
				3A390205246BFF3600AAFEB1 /* Preview Assets.xcassets in Resources */,
				3A390202246BFF3600AAFEB1 /* Assets.xcassets in Resources */,
			);
			runOnlyForDeploymentPostprocessing = 0;
		};
/* End PBXResourcesBuildPhase section */

/* Begin PBXSourcesBuildPhase section */
		3A3901F4246BFF3000AAFEB1 /* Sources */ = {
			isa = PBXSourcesBuildPhase;
			buildActionMask = 2147483647;
			files = (
				3A3901FC246BFF3000AAFEB1 /* AppDelegate.swift in Sources */,
				3A39021D246C8D2F00AAFEB1 /* AnyTransitionExtensions.swift in Sources */,
				3A3901FE246BFF3000AAFEB1 /* SceneDelegate.swift in Sources */,
				3A390200246BFF3000AAFEB1 /* ContentView.swift in Sources */,
				3A390217246C833E00AAFEB1 /* TicksView.swift in Sources */,
				3A390211246C023F00AAFEB1 /* FuturisticTimer.swift in Sources */,
			);
			runOnlyForDeploymentPostprocessing = 0;
		};
/* End PBXSourcesBuildPhase section */

/* Begin PBXVariantGroup section */
		3A390206246BFF3600AAFEB1 /* LaunchScreen.storyboard */ = {
			isa = PBXVariantGroup;
			children = (
				3A390207246BFF3600AAFEB1 /* Base */,
			);
			name = LaunchScreen.storyboard;
			sourceTree = "<group>";
		};
/* End PBXVariantGroup section */

/* Begin XCBuildConfiguration section */
		3A39020A246BFF3600AAFEB1 /* Debug */ = {
			isa = XCBuildConfiguration;
			buildSettings = {
				ALWAYS_SEARCH_USER_PATHS = NO;
				CLANG_ANALYZER_NONNULL = YES;
				CLANG_ANALYZER_NUMBER_OBJECT_CONVERSION = YES_AGGRESSIVE;
				CLANG_CXX_LANGUAGE_STANDARD = "gnu++14";
				CLANG_CXX_LIBRARY = "libc++";
				CLANG_ENABLE_MODULES = YES;
				CLANG_ENABLE_OBJC_ARC = YES;
				CLANG_ENABLE_OBJC_WEAK = YES;
				CLANG_WARN_BLOCK_CAPTURE_AUTORELEASING = YES;
				CLANG_WARN_BOOL_CONVERSION = YES;
				CLANG_WARN_COMMA = YES;
				CLANG_WARN_CONSTANT_CONVERSION = YES;
				CLANG_WARN_DEPRECATED_OBJC_IMPLEMENTATIONS = YES;
				CLANG_WARN_DIRECT_OBJC_ISA_USAGE = YES_ERROR;
				CLANG_WARN_DOCUMENTATION_COMMENTS = YES;
				CLANG_WARN_EMPTY_BODY = YES;
				CLANG_WARN_ENUM_CONVERSION = YES;
				CLANG_WARN_INFINITE_RECURSION = YES;
				CLANG_WARN_INT_CONVERSION = YES;
				CLANG_WARN_NON_LITERAL_NULL_CONVERSION = YES;
				CLANG_WARN_OBJC_IMPLICIT_RETAIN_SELF = YES;
				CLANG_WARN_OBJC_LITERAL_CONVERSION = YES;
				CLANG_WARN_OBJC_ROOT_CLASS = YES_ERROR;
				CLANG_WARN_RANGE_LOOP_ANALYSIS = YES;
				CLANG_WARN_STRICT_PROTOTYPES = YES;
				CLANG_WARN_SUSPICIOUS_MOVE = YES;
				CLANG_WARN_UNGUARDED_AVAILABILITY = YES_AGGRESSIVE;
				CLANG_WARN_UNREACHABLE_CODE = YES;
				CLANG_WARN__DUPLICATE_METHOD_MATCH = YES;
				COPY_PHASE_STRIP = NO;
				DEBUG_INFORMATION_FORMAT = dwarf;
				ENABLE_STRICT_OBJC_MSGSEND = YES;
				ENABLE_TESTABILITY = YES;
				GCC_C_LANGUAGE_STANDARD = gnu11;
				GCC_DYNAMIC_NO_PIC = NO;
				GCC_NO_COMMON_BLOCKS = YES;
				GCC_OPTIMIZATION_LEVEL = 0;
				GCC_PREPROCESSOR_DEFINITIONS = (
					"DEBUG=1",
					"$(inherited)",
				);
				GCC_WARN_64_TO_32_BIT_CONVERSION = YES;
				GCC_WARN_ABOUT_RETURN_TYPE = YES_ERROR;
				GCC_WARN_UNDECLARED_SELECTOR = YES;
				GCC_WARN_UNINITIALIZED_AUTOS = YES_AGGRESSIVE;
				GCC_WARN_UNUSED_FUNCTION = YES;
				GCC_WARN_UNUSED_VARIABLE = YES;
				IPHONEOS_DEPLOYMENT_TARGET = 13.4;
				MTL_ENABLE_DEBUG_INFO = INCLUDE_SOURCE;
				MTL_FAST_MATH = YES;
				ONLY_ACTIVE_ARCH = YES;
				SDKROOT = iphoneos;
				SWIFT_ACTIVE_COMPILATION_CONDITIONS = DEBUG;
				SWIFT_OPTIMIZATION_LEVEL = "-Onone";
			};
			name = Debug;
		};
		3A39020B246BFF3600AAFEB1 /* Release */ = {
			isa = XCBuildConfiguration;
			buildSettings = {
				ALWAYS_SEARCH_USER_PATHS = NO;
				CLANG_ANALYZER_NONNULL = YES;
				CLANG_ANALYZER_NUMBER_OBJECT_CONVERSION = YES_AGGRESSIVE;
				CLANG_CXX_LANGUAGE_STANDARD = "gnu++14";
				CLANG_CXX_LIBRARY = "libc++";
				CLANG_ENABLE_MODULES = YES;
				CLANG_ENABLE_OBJC_ARC = YES;
				CLANG_ENABLE_OBJC_WEAK = YES;
				CLANG_WARN_BLOCK_CAPTURE_AUTORELEASING = YES;
				CLANG_WARN_BOOL_CONVERSION = YES;
				CLANG_WARN_COMMA = YES;
				CLANG_WARN_CONSTANT_CONVERSION = YES;
				CLANG_WARN_DEPRECATED_OBJC_IMPLEMENTATIONS = YES;
				CLANG_WARN_DIRECT_OBJC_ISA_USAGE = YES_ERROR;
				CLANG_WARN_DOCUMENTATION_COMMENTS = YES;
				CLANG_WARN_EMPTY_BODY = YES;
				CLANG_WARN_ENUM_CONVERSION = YES;
				CLANG_WARN_INFINITE_RECURSION = YES;
				CLANG_WARN_INT_CONVERSION = YES;
				CLANG_WARN_NON_LITERAL_NULL_CONVERSION = YES;
				CLANG_WARN_OBJC_IMPLICIT_RETAIN_SELF = YES;
				CLANG_WARN_OBJC_LITERAL_CONVERSION = YES;
				CLANG_WARN_OBJC_ROOT_CLASS = YES_ERROR;
				CLANG_WARN_RANGE_LOOP_ANALYSIS = YES;
				CLANG_WARN_STRICT_PROTOTYPES = YES;
				CLANG_WARN_SUSPICIOUS_MOVE = YES;
				CLANG_WARN_UNGUARDED_AVAILABILITY = YES_AGGRESSIVE;
				CLANG_WARN_UNREACHABLE_CODE = YES;
				CLANG_WARN__DUPLICATE_METHOD_MATCH = YES;
				COPY_PHASE_STRIP = NO;
				DEBUG_INFORMATION_FORMAT = "dwarf-with-dsym";
				ENABLE_NS_ASSERTIONS = NO;
				ENABLE_STRICT_OBJC_MSGSEND = YES;
				GCC_C_LANGUAGE_STANDARD = gnu11;
				GCC_NO_COMMON_BLOCKS = YES;
				GCC_WARN_64_TO_32_BIT_CONVERSION = YES;
				GCC_WARN_ABOUT_RETURN_TYPE = YES_ERROR;
				GCC_WARN_UNDECLARED_SELECTOR = YES;
				GCC_WARN_UNINITIALIZED_AUTOS = YES_AGGRESSIVE;
				GCC_WARN_UNUSED_FUNCTION = YES;
				GCC_WARN_UNUSED_VARIABLE = YES;
				IPHONEOS_DEPLOYMENT_TARGET = 13.4;
				MTL_ENABLE_DEBUG_INFO = NO;
				MTL_FAST_MATH = YES;
				SDKROOT = iphoneos;
				SWIFT_COMPILATION_MODE = wholemodule;
				SWIFT_OPTIMIZATION_LEVEL = "-O";
				VALIDATE_PRODUCT = YES;
			};
			name = Release;
		};
		3A39020D246BFF3600AAFEB1 /* Debug */ = {
			isa = XCBuildConfiguration;
			buildSettings = {
				ASSETCATALOG_COMPILER_APPICON_NAME = AppIcon;
				CODE_SIGN_STYLE = Automatic;
				DEVELOPMENT_ASSET_PATHS = "\"FuturisticTimer/Preview Content\"";
				DEVELOPMENT_TEAM = 72453LZU7L;
				ENABLE_PREVIEWS = YES;
				INFOPLIST_FILE = FuturisticTimer/Info.plist;
				LD_RUNPATH_SEARCH_PATHS = (
					"$(inherited)",
					"@executable_path/Frameworks",
				);
				PRODUCT_BUNDLE_IDENTIFIER = com.bjeld.apps.FuturisticTimer;
				PRODUCT_NAME = "$(TARGET_NAME)";
				SWIFT_VERSION = 5.0;
				TARGETED_DEVICE_FAMILY = "1,2";
			};
			name = Debug;
		};
		3A39020E246BFF3600AAFEB1 /* Release */ = {
			isa = XCBuildConfiguration;
			buildSettings = {
				ASSETCATALOG_COMPILER_APPICON_NAME = AppIcon;
				CODE_SIGN_STYLE = Automatic;
				DEVELOPMENT_ASSET_PATHS = "\"FuturisticTimer/Preview Content\"";
				DEVELOPMENT_TEAM = 72453LZU7L;
				ENABLE_PREVIEWS = YES;
				INFOPLIST_FILE = FuturisticTimer/Info.plist;
				LD_RUNPATH_SEARCH_PATHS = (
					"$(inherited)",
					"@executable_path/Frameworks",
				);
				PRODUCT_BUNDLE_IDENTIFIER = com.bjeld.apps.FuturisticTimer;
				PRODUCT_NAME = "$(TARGET_NAME)";
				SWIFT_VERSION = 5.0;
				TARGETED_DEVICE_FAMILY = "1,2";
			};
			name = Release;
		};
/* End XCBuildConfiguration section */

/* Begin XCConfigurationList section */
		3A3901F3246BFF3000AAFEB1 /* Build configuration list for PBXProject "FuturisticTimer" */ = {
			isa = XCConfigurationList;
			buildConfigurations = (
				3A39020A246BFF3600AAFEB1 /* Debug */,
				3A39020B246BFF3600AAFEB1 /* Release */,
			);
			defaultConfigurationIsVisible = 0;
			defaultConfigurationName = Release;
		};
		3A39020C246BFF3600AAFEB1 /* Build configuration list for PBXNativeTarget "FuturisticTimer" */ = {
			isa = XCConfigurationList;
			buildConfigurations = (
				3A39020D246BFF3600AAFEB1 /* Debug */,
				3A39020E246BFF3600AAFEB1 /* Release */,
			);
			defaultConfigurationIsVisible = 0;
			defaultConfigurationName = Release;
		};
/* End XCConfigurationList section */
	};
	rootObject = 3A3901F0246BFF3000AAFEB1 /* Project object */;
}
